{
  "version": 4,
  "terraform_version": "1.4.4",
  "serial": 17,
  "lineage": "56968f41-2a45-6673-c03f-ab8f01011f81",
  "outputs": {
    "resource_group_name": {
      "value": "danielflf53ony-rg",
      "type": "string"
    },
    "storage_account_name": {
      "value": "flf53onysa",
      "type": "string"
    }
  },
  "resources": [
    {
      "mode": "data",
      "type": "azurerm_subscription",
      "name": "current",
      "provider": "provider[\"registry.terraform.io/hashicorp/azurerm\"]",
      "instances": [
        {
          "schema_version": 0,
          "attributes": {
            "display_name": "Azure Pass - Sponsorship",
            "id": "/subscriptions/1fcc4b84-84d2-4a8c-966d-dba06e1c328f",
            "location_placement_id": "Public_2014-09-01",
            "quota_id": "AzurePass_2014-09-01",
            "spending_limit": "Off",
            "state": "Enabled",
            "subscription_id": "1fcc4b84-84d2-4a8c-966d-dba06e1c328f",
            "tags": {},
            "tenant_id": "890a0a3c-00f5-474f-b7ed-3072bfa5230a",
            "timeouts": null
          },
          "sensitive_attributes": []
        }
      ]
    },
    {
      "mode": "managed",
      "type": "azurerm_resource_group",
      "name": "example",
      "provider": "provider[\"registry.terraform.io/hashicorp/azurerm\"]",
      "instances": [
        {
          "schema_version": 0,
          "attributes": {
            "id": "/subscriptions/1fcc4b84-84d2-4a8c-966d-dba06e1c328f/resourceGroups/danielflf53ony-rg",
            "location": "westeurope",
            "name": "danielflf53ony-rg",
            "tags": {},
            "timeouts": null
          },
          "sensitive_attributes": [],
          "private": "eyJlMmJmYjczMC1lY2FhLTExZTYtOGY4OC0zNDM2M2JjN2M0YzAiOnsiY3JlYXRlIjo1NDAwMDAwMDAwMDAwLCJkZWxldGUiOjU0MDAwMDAwMDAwMDAsInJlYWQiOjMwMDAwMDAwMDAwMCwidXBkYXRlIjo1NDAwMDAwMDAwMDAwfX0=",
          "dependencies": [
            "random_string.random"
          ]
        }
      ]
    },
    {
      "mode": "managed",
      "type": "azurerm_storage_account",
      "name": "example",
      "provider": "provider[\"registry.terraform.io/hashicorp/azurerm\"]",
      "instances": [
        {
          "status": "tainted",
          "schema_version": 3,
          "attributes": {
            "access_tier": "Hot",
            "account_kind": "StorageV2",
            "account_replication_type": "GRS",
            "account_tier": "Standard",
            "allow_nested_items_to_be_public": true,
            "allowed_copy_scope": "",
            "azure_files_authentication": [],
            "blob_properties": [
              {
                "change_feed_enabled": true,
                "change_feed_retention_in_days": 0,
                "container_delete_retention_policy": [],
                "cors_rule": [],
                "default_service_version": "",
                "delete_retention_policy": [
                  {
                    "days": 8
                  }
                ],
                "last_access_time_enabled": false,
                "restore_policy": [
                  {
                    "days": 7
                  }
                ],
                "versioning_enabled": true
              }
            ],
            "cross_tenant_replication_enabled": true,
            "custom_domain": [],
            "customer_managed_key": [],
            "default_to_oauth_authentication": false,
            "edge_zone": "",
            "enable_https_traffic_only": true,
            "id": "/subscriptions/1fcc4b84-84d2-4a8c-966d-dba06e1c328f/resourceGroups/danielflf53ony-rg/providers/Microsoft.Storage/storageAccounts/flf53onysa",
            "identity": [],
            "immutability_policy": [],
            "infrastructure_encryption_enabled": false,
            "is_hns_enabled": false,
            "large_file_share_enabled": null,
            "location": "westeurope",
            "min_tls_version": "TLS1_2",
            "name": "flf53onysa",
            "network_rules": [
              {
                "bypass": [
                  "AzureServices"
                ],
                "default_action": "Allow",
                "ip_rules": [],
                "private_link_access": [],
                "virtual_network_subnet_ids": []
              }
            ],
            "nfsv3_enabled": false,
            "primary_access_key": "6R4XZyyw6mbz+HhXubPflLmU6hCH6ynZvlEEP6VD+SJixoOLAuirJPCvS0Ofu304KaSMp38+tqWJ+AStecs0ng==",
            "primary_blob_connection_string": "DefaultEndpointsProtocol=https;BlobEndpoint=https://flf53onysa.blob.core.windows.net/;AccountName=flf53onysa;AccountKey=6R4XZyyw6mbz+HhXubPflLmU6hCH6ynZvlEEP6VD+SJixoOLAuirJPCvS0Ofu304KaSMp38+tqWJ+AStecs0ng==",
            "primary_blob_endpoint": "https://flf53onysa.blob.core.windows.net/",
            "primary_blob_host": "flf53onysa.blob.core.windows.net",
            "primary_connection_string": "DefaultEndpointsProtocol=https;AccountName=flf53onysa;AccountKey=6R4XZyyw6mbz+HhXubPflLmU6hCH6ynZvlEEP6VD+SJixoOLAuirJPCvS0Ofu304KaSMp38+tqWJ+AStecs0ng==;EndpointSuffix=core.windows.net",
            "primary_dfs_endpoint": "https://flf53onysa.dfs.core.windows.net/",
            "primary_dfs_host": "flf53onysa.dfs.core.windows.net",
            "primary_file_endpoint": "https://flf53onysa.file.core.windows.net/",
            "primary_file_host": "flf53onysa.file.core.windows.net",
            "primary_location": "westeurope",
            "primary_queue_endpoint": "https://flf53onysa.queue.core.windows.net/",
            "primary_queue_host": "flf53onysa.queue.core.windows.net",
            "primary_table_endpoint": "https://flf53onysa.table.core.windows.net/",
            "primary_table_host": "flf53onysa.table.core.windows.net",
            "primary_web_endpoint": "https://flf53onysa.z6.web.core.windows.net/",
            "primary_web_host": "flf53onysa.z6.web.core.windows.net",
            "public_network_access_enabled": true,
            "queue_encryption_key_type": "Service",
            "queue_properties": [],
            "resource_group_name": "danielflf53ony-rg",
            "routing": [],
            "sas_policy": [],
            "secondary_access_key": "bfRYQCjbrsgfhI9btBcHLbHB8MbipcZ6vpCX00xpQp3HpC2IMzOKVKl5gbyRLqMTJfJN8Dm9iqau+AStS+6BGw==",
            "secondary_blob_connection_string": "",
            "secondary_blob_endpoint": null,
            "secondary_blob_host": null,
            "secondary_connection_string": "DefaultEndpointsProtocol=https;AccountName=flf53onysa;AccountKey=bfRYQCjbrsgfhI9btBcHLbHB8MbipcZ6vpCX00xpQp3HpC2IMzOKVKl5gbyRLqMTJfJN8Dm9iqau+AStS+6BGw==;EndpointSuffix=core.windows.net",
            "secondary_dfs_endpoint": null,
            "secondary_dfs_host": null,
            "secondary_file_endpoint": null,
            "secondary_file_host": null,
            "secondary_location": "northeurope",
            "secondary_queue_endpoint": null,
            "secondary_queue_host": null,
            "secondary_table_endpoint": null,
            "secondary_table_host": null,
            "secondary_web_endpoint": null,
            "secondary_web_host": null,
            "sftp_enabled": false,
            "share_properties": null,
            "shared_access_key_enabled": true,
            "static_website": [],
            "table_encryption_key_type": "Service",
            "tags": {
              "environment": "staging"
            },
            "timeouts": null
          },
          "sensitive_attributes": [],
          "private": "eyJlMmJmYjczMC1lY2FhLTExZTYtOGY4OC0zNDM2M2JjN2M0YzAiOnsiY3JlYXRlIjozNjAwMDAwMDAwMDAwLCJkZWxldGUiOjM2MDAwMDAwMDAwMDAsInJlYWQiOjMwMDAwMDAwMDAwMCwidXBkYXRlIjozNjAwMDAwMDAwMDAwfSwic2NoZW1hX3ZlcnNpb24iOiIzIn0=",
          "dependencies": [
            "azurerm_resource_group.example",
            "random_string.random"
          ]
        }
      ]
    },
    {
      "mode": "managed",
      "type": "random_string",
      "name": "random",
      "provider": "provider[\"registry.terraform.io/hashicorp/random\"]",
      "instances": [
        {
          "schema_version": 2,
          "attributes": {
            "id": "flf53ony",
            "keepers": null,
            "length": 8,
            "lower": true,
            "min_lower": 0,
            "min_numeric": 0,
            "min_special": 0,
            "min_upper": 0,
            "number": true,
            "numeric": true,
            "override_special": null,
            "result": "flf53ony",
            "special": false,
            "upper": false
          },
          "sensitive_attributes": []
        }
      ]
    }
  ],
  "check_results": null
}
