{
  "version": 4,
  "terraform_version": "1.4.4",
  "serial": 46,
  "lineage": "9d712818-ec3b-65e9-d716-c24218fd0f35",
  "outputs": {},
  "resources": [
    {
      "mode": "data",
      "type": "azurerm_subscription",
      "name": "current",
      "provider": "provider[\"registry.terraform.io/hashicorp/azurerm\"]",
      "instances": [
        {
          "schema_version": 0,
          "attributes": {
            "display_name": "Azure Pass - Sponsorship",
            "id": "/subscriptions/1fcc4b84-84d2-4a8c-966d-dba06e1c328f",
            "location_placement_id": "Public_2014-09-01",
            "quota_id": "AzurePass_2014-09-01",
            "spending_limit": "Off",
            "state": "Enabled",
            "subscription_id": "1fcc4b84-84d2-4a8c-966d-dba06e1c328f",
            "tags": {},
            "tenant_id": "890a0a3c-00f5-474f-b7ed-3072bfa5230a",
            "timeouts": null
          },
          "sensitive_attributes": []
        }
      ]
    },
    {
      "mode": "managed",
      "type": "azurerm_resource_group",
      "name": "general_network",
      "provider": "provider[\"registry.terraform.io/hashicorp/azurerm\"]",
      "instances": [
        {
          "schema_version": 0,
          "attributes": {
            "id": "/subscriptions/1fcc4b84-84d2-4a8c-966d-dba06e1c328f/resourceGroups/daniel-test-rg",
            "location": "eastus",
            "name": "daniel-test-rg",
            "tags": {},
            "timeouts": null
          },
          "sensitive_attributes": [],
          "private": "eyJlMmJmYjczMC1lY2FhLTExZTYtOGY4OC0zNDM2M2JjN2M0YzAiOnsiY3JlYXRlIjo1NDAwMDAwMDAwMDAwLCJkZWxldGUiOjU0MDAwMDAwMDAwMDAsInJlYWQiOjMwMDAwMDAwMDAwMCwidXBkYXRlIjo1NDAwMDAwMDAwMDAwfX0="
        }
      ]
    },
    {
      "mode": "managed",
      "type": "azurerm_subnet",
      "name": "general_network_vms",
      "provider": "provider[\"registry.terraform.io/hashicorp/azurerm\"]",
      "instances": [
        {
          "schema_version": 0,
          "attributes": {
            "address_prefixes": [
              "10.0.1.0/24"
            ],
            "delegation": [],
            "enforce_private_link_endpoint_network_policies": false,
            "enforce_private_link_service_network_policies": false,
            "id": "/subscriptions/1fcc4b84-84d2-4a8c-966d-dba06e1c328f/resourceGroups/daniel-test-rg/providers/Microsoft.Network/virtualNetworks/daniel-test-ntwrk-vnet/subnets/daniel-test-ntwrk-vnet-vms-snet",
            "name": "daniel-test-ntwrk-vnet-vms-snet",
            "private_endpoint_network_policies_enabled": true,
            "private_link_service_network_policies_enabled": true,
            "resource_group_name": "daniel-test-rg",
            "service_endpoint_policy_ids": [],
            "service_endpoints": [],
            "timeouts": null,
            "virtual_network_name": "daniel-test-ntwrk-vnet"
          },
          "sensitive_attributes": [],
          "private": "eyJlMmJmYjczMC1lY2FhLTExZTYtOGY4OC0zNDM2M2JjN2M0YzAiOnsiY3JlYXRlIjoxODAwMDAwMDAwMDAwLCJkZWxldGUiOjE4MDAwMDAwMDAwMDAsInJlYWQiOjMwMDAwMDAwMDAwMCwidXBkYXRlIjoxODAwMDAwMDAwMDAwfX0=",
          "dependencies": [
            "azurerm_resource_group.general_network",
            "azurerm_virtual_network.general_network"
          ]
        }
      ]
    },
    {
      "mode": "managed",
      "type": "azurerm_virtual_network",
      "name": "general_network",
      "provider": "provider[\"registry.terraform.io/hashicorp/azurerm\"]",
      "instances": [
        {
          "schema_version": 0,
          "attributes": {
            "address_space": [
              "10.0.0.0/16"
            ],
            "bgp_community": "",
            "ddos_protection_plan": [],
            "dns_servers": [],
            "edge_zone": "",
            "flow_timeout_in_minutes": 0,
            "guid": "4cad6021-89d9-4370-bda7-bae4409b5a6e",
            "id": "/subscriptions/1fcc4b84-84d2-4a8c-966d-dba06e1c328f/resourceGroups/daniel-test-rg/providers/Microsoft.Network/virtualNetworks/daniel-test-ntwrk-vnet",
            "location": "eastus",
            "name": "daniel-test-ntwrk-vnet",
            "resource_group_name": "daniel-test-rg",
            "subnet": [
              {
                "address_prefix": "10.0.1.0/24",
                "id": "/subscriptions/1fcc4b84-84d2-4a8c-966d-dba06e1c328f/resourceGroups/daniel-test-rg/providers/Microsoft.Network/virtualNetworks/daniel-test-ntwrk-vnet/subnets/daniel-test-ntwrk-vnet-vms-snet",
                "name": "daniel-test-ntwrk-vnet-vms-snet",
                "security_group": ""
              }
            ],
            "tags": {},
            "timeouts": null
          },
          "sensitive_attributes": [],
          "private": "eyJlMmJmYjczMC1lY2FhLTExZTYtOGY4OC0zNDM2M2JjN2M0YzAiOnsiY3JlYXRlIjoxODAwMDAwMDAwMDAwLCJkZWxldGUiOjE4MDAwMDAwMDAwMDAsInJlYWQiOjMwMDAwMDAwMDAwMCwidXBkYXRlIjoxODAwMDAwMDAwMDAwfX0=",
          "dependencies": [
            "azurerm_resource_group.general_network"
          ]
        }
      ]
    },
    {
      "module": "module.vm",
      "mode": "managed",
      "type": "azurerm_linux_virtual_machine",
      "name": "web_srv",
      "provider": "provider[\"registry.terraform.io/hashicorp/azurerm\"]",
      "instances": [
        {
          "schema_version": 0,
          "attributes": {
            "additional_capabilities": [],
            "admin_password": "Adminpassword123!",
            "admin_ssh_key": [],
            "admin_username": "adminuser",
            "allow_extension_operations": true,
            "availability_set_id": "",
            "boot_diagnostics": [],
            "capacity_reservation_group_id": "",
            "computer_name": "daniel-test-vm",
            "custom_data": null,
            "dedicated_host_group_id": "",
            "dedicated_host_id": "",
            "disable_password_authentication": false,
            "edge_zone": "",
            "encryption_at_host_enabled": false,
            "eviction_policy": "",
            "extensions_time_budget": "PT1H30M",
            "gallery_application": [],
            "id": "/subscriptions/1fcc4b84-84d2-4a8c-966d-dba06e1c328f/resourceGroups/daniel-test-vm-rg/providers/Microsoft.Compute/virtualMachines/daniel-test-vm",
            "identity": [],
            "license_type": "",
            "location": "eastus",
            "max_bid_price": -1,
            "name": "daniel-test-vm",
            "network_interface_ids": [
              "/subscriptions/1fcc4b84-84d2-4a8c-966d-dba06e1c328f/resourceGroups/daniel-test-vm-rg/providers/Microsoft.Network/networkInterfaces/daniel-test-vm-nic"
            ],
            "os_disk": [
              {
                "caching": "ReadWrite",
                "diff_disk_settings": [],
                "disk_encryption_set_id": "",
                "disk_size_gb": 30,
                "name": "daniel-test-vm_OsDisk_1_0916cf721e1d4f77abdd75690c73eca5",
                "secure_vm_disk_encryption_set_id": "",
                "security_encryption_type": "",
                "storage_account_type": "Standard_LRS",
                "write_accelerator_enabled": false
              }
            ],
            "patch_assessment_mode": "ImageDefault",
            "patch_mode": "ImageDefault",
            "plan": [],
            "platform_fault_domain": -1,
            "priority": "Regular",
            "private_ip_address": "10.0.1.4",
            "private_ip_addresses": [
              "10.0.1.4"
            ],
            "provision_vm_agent": true,
            "proximity_placement_group_id": "",
            "public_ip_address": "20.228.167.188",
            "public_ip_addresses": [
              "20.228.167.188"
            ],
            "resource_group_name": "daniel-test-vm-rg",
            "secret": [],
            "secure_boot_enabled": false,
            "size": "Standard_B2s",
            "source_image_id": "",
            "source_image_reference": [
              {
                "offer": "UbuntuServer",
                "publisher": "Canonical",
                "sku": "18.04-LTS",
                "version": "latest"
              }
            ],
            "tags": {},
            "termination_notification": [],
            "timeouts": null,
            "user_data": "",
            "virtual_machine_id": "ce4b63e8-9afe-4f28-bec6-b6db5d70a9fd",
            "virtual_machine_scale_set_id": "",
            "vtpm_enabled": false,
            "zone": ""
          },
          "sensitive_attributes": [],
          "private": "eyJlMmJmYjczMC1lY2FhLTExZTYtOGY4OC0zNDM2M2JjN2M0YzAiOnsiY3JlYXRlIjoyNzAwMDAwMDAwMDAwLCJkZWxldGUiOjI3MDAwMDAwMDAwMDAsInJlYWQiOjMwMDAwMDAwMDAwMCwidXBkYXRlIjoyNzAwMDAwMDAwMDAwfX0=",
          "dependencies": [
            "azurerm_resource_group.general_network",
            "azurerm_subnet.general_network_vms",
            "azurerm_virtual_network.general_network",
            "module.vm.azurerm_network_interface.vm",
            "module.vm.azurerm_public_ip.vm",
            "module.vm.azurerm_resource_group.vm"
          ]
        }
      ]
    },
    {
      "module": "module.vm",
      "mode": "managed",
      "type": "azurerm_network_interface",
      "name": "vm",
      "provider": "provider[\"registry.terraform.io/hashicorp/azurerm\"]",
      "instances": [
        {
          "schema_version": 0,
          "attributes": {
            "applied_dns_servers": [],
            "dns_servers": [],
            "edge_zone": "",
            "enable_accelerated_networking": false,
            "enable_ip_forwarding": false,
            "id": "/subscriptions/1fcc4b84-84d2-4a8c-966d-dba06e1c328f/resourceGroups/daniel-test-vm-rg/providers/Microsoft.Network/networkInterfaces/daniel-test-vm-nic",
            "internal_dns_name_label": "",
            "internal_domain_name_suffix": "efqk0tgzrfyehpnhxlsebg00ng.bx.internal.cloudapp.net",
            "ip_configuration": [
              {
                "gateway_load_balancer_frontend_ip_configuration_id": "",
                "name": "external",
                "primary": true,
                "private_ip_address": "10.0.1.4",
                "private_ip_address_allocation": "Dynamic",
                "private_ip_address_version": "IPv4",
                "public_ip_address_id": "/subscriptions/1fcc4b84-84d2-4a8c-966d-dba06e1c328f/resourceGroups/daniel-test-vm-rg/providers/Microsoft.Network/publicIPAddresses/daniel-test-vm-pip",
                "subnet_id": "/subscriptions/1fcc4b84-84d2-4a8c-966d-dba06e1c328f/resourceGroups/daniel-test-rg/providers/Microsoft.Network/virtualNetworks/daniel-test-ntwrk-vnet/subnets/daniel-test-ntwrk-vnet-vms-snet"
              }
            ],
            "location": "eastus",
            "mac_address": "00-22-48-26-E4-E2",
            "name": "daniel-test-vm-nic",
            "private_ip_address": "10.0.1.4",
            "private_ip_addresses": [
              "10.0.1.4"
            ],
            "resource_group_name": "daniel-test-vm-rg",
            "tags": {},
            "timeouts": null,
            "virtual_machine_id": "/subscriptions/1fcc4b84-84d2-4a8c-966d-dba06e1c328f/resourceGroups/daniel-test-vm-rg/providers/Microsoft.Compute/virtualMachines/daniel-test-vm"
          },
          "sensitive_attributes": [],
          "private": "eyJlMmJmYjczMC1lY2FhLTExZTYtOGY4OC0zNDM2M2JjN2M0YzAiOnsiY3JlYXRlIjoxODAwMDAwMDAwMDAwLCJkZWxldGUiOjE4MDAwMDAwMDAwMDAsInJlYWQiOjMwMDAwMDAwMDAwMCwidXBkYXRlIjoxODAwMDAwMDAwMDAwfX0=",
          "dependencies": [
            "azurerm_resource_group.general_network",
            "azurerm_subnet.general_network_vms",
            "azurerm_virtual_network.general_network",
            "module.vm.azurerm_public_ip.vm",
            "module.vm.azurerm_resource_group.vm"
          ]
        }
      ]
    },
    {
      "module": "module.vm",
      "mode": "managed",
      "type": "azurerm_network_interface_security_group_association",
      "name": "vm_nsg_to_vm_nic",
      "provider": "provider[\"registry.terraform.io/hashicorp/azurerm\"]",
      "instances": [
        {
          "schema_version": 0,
          "attributes": {
            "id": "/subscriptions/1fcc4b84-84d2-4a8c-966d-dba06e1c328f/resourceGroups/daniel-test-vm-rg/providers/Microsoft.Network/networkInterfaces/daniel-test-vm-nic|/subscriptions/1fcc4b84-84d2-4a8c-966d-dba06e1c328f/resourceGroups/daniel-test-vm-rg/providers/Microsoft.Network/networkSecurityGroups/daniel-test-vm-nic-nsg",
            "network_interface_id": "/subscriptions/1fcc4b84-84d2-4a8c-966d-dba06e1c328f/resourceGroups/daniel-test-vm-rg/providers/Microsoft.Network/networkInterfaces/daniel-test-vm-nic",
            "network_security_group_id": "/subscriptions/1fcc4b84-84d2-4a8c-966d-dba06e1c328f/resourceGroups/daniel-test-vm-rg/providers/Microsoft.Network/networkSecurityGroups/daniel-test-vm-nic-nsg",
            "timeouts": null
          },
          "sensitive_attributes": [],
          "private": "eyJlMmJmYjczMC1lY2FhLTExZTYtOGY4OC0zNDM2M2JjN2M0YzAiOnsiY3JlYXRlIjoxODAwMDAwMDAwMDAwLCJkZWxldGUiOjE4MDAwMDAwMDAwMDAsInJlYWQiOjMwMDAwMDAwMDAwMCwidXBkYXRlIjoxODAwMDAwMDAwMDAwfX0=",
          "dependencies": [
            "azurerm_resource_group.general_network",
            "azurerm_subnet.general_network_vms",
            "azurerm_virtual_network.general_network",
            "module.vm.azurerm_network_interface.vm",
            "module.vm.azurerm_network_security_group.vm",
            "module.vm.azurerm_public_ip.vm",
            "module.vm.azurerm_resource_group.vm"
          ]
        }
      ]
    },
    {
      "module": "module.vm",
      "mode": "managed",
      "type": "azurerm_network_security_group",
      "name": "vm",
      "provider": "provider[\"registry.terraform.io/hashicorp/azurerm\"]",
      "instances": [
        {
          "schema_version": 0,
          "attributes": {
            "id": "/subscriptions/1fcc4b84-84d2-4a8c-966d-dba06e1c328f/resourceGroups/daniel-test-vm-rg/providers/Microsoft.Network/networkSecurityGroups/daniel-test-vm-nic-nsg",
            "location": "eastus",
            "name": "daniel-test-vm-nic-nsg",
            "resource_group_name": "daniel-test-vm-rg",
            "security_rule": [
              {
                "access": "Allow",
                "description": "",
                "destination_address_prefix": "*",
                "destination_address_prefixes": [],
                "destination_application_security_group_ids": [],
                "destination_port_range": "22",
                "destination_port_ranges": [],
                "direction": "Inbound",
                "name": "allow_ssh_from_my_ip",
                "priority": 110,
                "protocol": "Tcp",
                "source_address_prefix": "77.29.137.204",
                "source_address_prefixes": [],
                "source_application_security_group_ids": [],
                "source_port_range": "*",
                "source_port_ranges": []
              },
              {
                "access": "Allow",
                "description": "",
                "destination_address_prefix": "*",
                "destination_address_prefixes": [],
                "destination_application_security_group_ids": [],
                "destination_port_range": "80",
                "destination_port_ranges": [],
                "direction": "Inbound",
                "name": "allow_http_from_my_ip",
                "priority": 100,
                "protocol": "Tcp",
                "source_address_prefix": "77.29.137.204",
                "source_address_prefixes": [],
                "source_application_security_group_ids": [],
                "source_port_range": "*",
                "source_port_ranges": []
              }
            ],
            "tags": {
              "environment": "test"
            },
            "timeouts": null
          },
          "sensitive_attributes": [],
          "private": "eyJlMmJmYjczMC1lY2FhLTExZTYtOGY4OC0zNDM2M2JjN2M0YzAiOnsiY3JlYXRlIjoxODAwMDAwMDAwMDAwLCJkZWxldGUiOjE4MDAwMDAwMDAwMDAsInJlYWQiOjMwMDAwMDAwMDAwMCwidXBkYXRlIjoxODAwMDAwMDAwMDAwfX0=",
          "dependencies": [
            "azurerm_resource_group.general_network",
            "azurerm_subnet.general_network_vms",
            "azurerm_virtual_network.general_network",
            "module.vm.azurerm_network_interface.vm",
            "module.vm.azurerm_public_ip.vm",
            "module.vm.azurerm_resource_group.vm"
          ]
        }
      ]
    },
    {
      "module": "module.vm",
      "mode": "managed",
      "type": "azurerm_public_ip",
      "name": "vm",
      "provider": "provider[\"registry.terraform.io/hashicorp/azurerm\"]",
      "instances": [
        {
          "schema_version": 0,
          "attributes": {
            "allocation_method": "Static",
            "ddos_protection_mode": "VirtualNetworkInherited",
            "ddos_protection_plan_id": null,
            "domain_name_label": null,
            "edge_zone": "",
            "fqdn": null,
            "id": "/subscriptions/1fcc4b84-84d2-4a8c-966d-dba06e1c328f/resourceGroups/daniel-test-vm-rg/providers/Microsoft.Network/publicIPAddresses/daniel-test-vm-pip",
            "idle_timeout_in_minutes": 4,
            "ip_address": "20.228.167.188",
            "ip_tags": {},
            "ip_version": "IPv4",
            "location": "eastus",
            "name": "daniel-test-vm-pip",
            "public_ip_prefix_id": null,
            "resource_group_name": "daniel-test-vm-rg",
            "reverse_fqdn": null,
            "sku": "Basic",
            "sku_tier": "Regional",
            "tags": {
              "environment": "test"
            },
            "timeouts": null,
            "zones": []
          },
          "sensitive_attributes": [],
          "private": "eyJlMmJmYjczMC1lY2FhLTExZTYtOGY4OC0zNDM2M2JjN2M0YzAiOnsiY3JlYXRlIjoxODAwMDAwMDAwMDAwLCJkZWxldGUiOjE4MDAwMDAwMDAwMDAsInJlYWQiOjMwMDAwMDAwMDAwMCwidXBkYXRlIjoxODAwMDAwMDAwMDAwfX0=",
          "dependencies": [
            "module.vm.azurerm_resource_group.vm"
          ]
        }
      ]
    },
    {
      "module": "module.vm",
      "mode": "managed",
      "type": "azurerm_resource_group",
      "name": "vm",
      "provider": "provider[\"registry.terraform.io/hashicorp/azurerm\"]",
      "instances": [
        {
          "schema_version": 0,
          "attributes": {
            "id": "/subscriptions/1fcc4b84-84d2-4a8c-966d-dba06e1c328f/resourceGroups/daniel-test-vm-rg",
            "location": "eastus",
            "name": "daniel-test-vm-rg",
            "tags": {},
            "timeouts": null
          },
          "sensitive_attributes": [],
          "private": "eyJlMmJmYjczMC1lY2FhLTExZTYtOGY4OC0zNDM2M2JjN2M0YzAiOnsiY3JlYXRlIjo1NDAwMDAwMDAwMDAwLCJkZWxldGUiOjU0MDAwMDAwMDAwMDAsInJlYWQiOjMwMDAwMDAwMDAwMCwidXBkYXRlIjo1NDAwMDAwMDAwMDAwfX0="
        }
      ]
    }
  ],
  "check_results": null
}
